
Microsoft Visual Studio Solution File, Format Version 12.00
# Visual Studio Version 17
VisualStudioVersion = 17.14.37012.4 d17.14
MinimumVisualStudioVersion = 10.0.40219.1
Project("{FAE04EC0-301F-11D3-BF4B-00C04F79EFBC}") = "VoxTell-Interface", "VoxTell-Interface\VoxTell-Interface.csproj", "{0400CD83-84D5-431E-9AD4-5CA31954E46D}"
EndProject
Project("{FAE04EC0-301F-11D3-BF4B-00C04F79EFBC}") = "VoxTell-Interface.Harness", "VoxTell-Interface.Harness\VoxTell-Interface.Harness.csproj", "{7F2C1E84-3A6D-4B95-9C11-8D5E4A2F6B03}"
EndProject
Project("{FAE04EC0-301F-11D3-BF4B-00C04F79EFBC}") = "VoxTell-Interface.Preview", "VoxTell-Interface.Preview\VoxTell-Interface.Preview.csproj", "{9C3E7A21-5B84-4D6F-A0C7-2E91B4D8F503}"
EndProject
Global
	GlobalSection(SolutionConfigurationPlatforms) = preSolution
		Debug|x64 = Debug|x64
		Release|x64 = Release|x64
	EndGlobalSection
	GlobalSection(ProjectConfigurationPlatforms) = postSolution
		{0400CD83-84D5-431E-9AD4-5CA31954E46D}.Debug|x64.ActiveCfg = Debug|x64
		{0400CD83-84D5-431E-9AD4-5CA31954E46D}.Debug|x64.Build.0 = Debug|x64
		{0400CD83-84D5-431E-9AD4-5CA31954E46D}.Release|x64.ActiveCfg = Release|x64
		{0400CD83-84D5-431E-9AD4-5CA31954E46D}.Release|x64.Build.0 = Release|x64
		{7F2C1E84-3A6D-4B95-9C11-8D5E4A2F6B03}.Debug|x64.ActiveCfg = Debug|x64
		{7F2C1E84-3A6D-4B95-9C11-8D5E4A2F6B03}.Debug|x64.Build.0 = Debug|x64
		{7F2C1E84-3A6D-4B95-9C11-8D5E4A2F6B03}.Release|x64.ActiveCfg = Release|x64
		{7F2C1E84-3A6D-4B95-9C11-8D5E4A2F6B03}.Release|x64.Build.0 = Release|x64
		{9C3E7A21-5B84-4D6F-A0C7-2E91B4D8F503}.Debug|x64.ActiveCfg = Debug|x64
		{9C3E7A21-5B84-4D6F-A0C7-2E91B4D8F503}.Debug|x64.Build.0 = Debug|x64
		{9C3E7A21-5B84-4D6F-A0C7-2E91B4D8F503}.Release|x64.ActiveCfg = Release|x64
		{9C3E7A21-5B84-4D6F-A0C7-2E91B4D8F503}.Release|x64.Build.0 = Release|x64
	EndGlobalSection
	GlobalSection(SolutionProperties) = preSolution
		HideSolutionNode = FALSE
	EndGlobalSection
	GlobalSection(ExtensibilityGlobals) = postSolution
		SolutionGuid = {3CAF2F7C-D87E-405B-A9D9-BEABF5EB03A7}
	EndGlobalSection
EndGlobal
